
Microsoft Visual Studio Solution File, Format Version 12.00
# Visual Studio Version 16
VisualStudioVersion = 16.0.32630.194
MinimumVisualStudioVersion = 10.0.40219.1
Project("{FAE04EC0-301F-11D3-BF4B-00C04F79EFBC}") = "당구 연습", "당구 연습\당구 연습.csproj", "{B28C0705-0055-4298-9D92-2356B23E0085}"
EndProject
Global
	GlobalSection(SolutionConfigurationPlatforms) = preSolution
		Debug|Any CPU = Debug|Any CPU
		Release|Any CPU = Release|Any CPU
	EndGlobalSection
	GlobalSection(ProjectConfigurationPlatforms) = postSolution
		{B28C0705-0055-4298-9D92-2356B23E0085}.Debug|Any CPU.ActiveCfg = Debug|Any CPU
		{B28C0705-0055-4298-9D92-2356B23E0085}.Debug|Any CPU.Build.0 = Debug|Any CPU
		{B28C0705-0055-4298-9D92-2356B23E0085}.Release|Any CPU.ActiveCfg = Release|Any CPU
		{B28C0705-0055-4298-9D92-2356B23E0085}.Release|Any CPU.Build.0 = Release|Any CPU
	EndGlobalSection
	GlobalSection(SolutionProperties) = preSolution
		HideSolutionNode = FALSE
	EndGlobalSection
	GlobalSection(ExtensibilityGlobals) = postSolution
		SolutionGuid = {39140782-0AB6-4E00-9F3B-6357566776A6}
	EndGlobalSection
EndGlobal
