
Microsoft Visual Studio Solution File, Format Version 12.00
# Visual Studio Version 16
VisualStudioVersion = 16.0.32630.194
MinimumVisualStudioVersion = 10.0.40219.1
Project("{FAE04EC0-301F-11D3-BF4B-00C04F79EFBC}") = "무인도 여행", "무인도 여행\무인도 여행.csproj", "{006B3384-39EA-437B-BFB6-8B9AA94A56DB}"
EndProject
Global
	GlobalSection(SolutionConfigurationPlatforms) = preSolution
		Debug|Any CPU = Debug|Any CPU
		Release|Any CPU = Release|Any CPU
	EndGlobalSection
	GlobalSection(ProjectConfigurationPlatforms) = postSolution
		{006B3384-39EA-437B-BFB6-8B9AA94A56DB}.Debug|Any CPU.ActiveCfg = Debug|Any CPU
		{006B3384-39EA-437B-BFB6-8B9AA94A56DB}.Debug|Any CPU.Build.0 = Debug|Any CPU
		{006B3384-39EA-437B-BFB6-8B9AA94A56DB}.Release|Any CPU.ActiveCfg = Release|Any CPU
		{006B3384-39EA-437B-BFB6-8B9AA94A56DB}.Release|Any CPU.Build.0 = Release|Any CPU
	EndGlobalSection
	GlobalSection(SolutionProperties) = preSolution
		HideSolutionNode = FALSE
	EndGlobalSection
	GlobalSection(ExtensibilityGlobals) = postSolution
		SolutionGuid = {3DF03219-67FA-4FA3-A4EE-45A646710294}
	EndGlobalSection
EndGlobal
