
Microsoft Visual Studio Solution File, Format Version 12.00
# Visual Studio Version 16
VisualStudioVersion = 16.0.32630.194
MinimumVisualStudioVersion = 10.0.40219.1
Project("{FAE04EC0-301F-11D3-BF4B-00C04F79EFBC}") = "성격 유형 검사하기", "성격 유형 검사하기\성격 유형 검사하기.csproj", "{584FDE58-BC40-4660-A684-9935FD1CBAE6}"
EndProject
Global
	GlobalSection(SolutionConfigurationPlatforms) = preSolution
		Debug|Any CPU = Debug|Any CPU
		Release|Any CPU = Release|Any CPU
	EndGlobalSection
	GlobalSection(ProjectConfigurationPlatforms) = postSolution
		{584FDE58-BC40-4660-A684-9935FD1CBAE6}.Debug|Any CPU.ActiveCfg = Debug|Any CPU
		{584FDE58-BC40-4660-A684-9935FD1CBAE6}.Debug|Any CPU.Build.0 = Debug|Any CPU
		{584FDE58-BC40-4660-A684-9935FD1CBAE6}.Release|Any CPU.ActiveCfg = Release|Any CPU
		{584FDE58-BC40-4660-A684-9935FD1CBAE6}.Release|Any CPU.Build.0 = Release|Any CPU
	EndGlobalSection
	GlobalSection(SolutionProperties) = preSolution
		HideSolutionNode = FALSE
	EndGlobalSection
	GlobalSection(ExtensibilityGlobals) = postSolution
		SolutionGuid = {D3BA737B-646D-4DEC-AAA8-29D51E18E2CD}
	EndGlobalSection
EndGlobal
