
Microsoft Visual Studio Solution File, Format Version 12.00
# Visual Studio Version 16
VisualStudioVersion = 16.0.32630.194
MinimumVisualStudioVersion = 10.0.40219.1
Project("{FAE04EC0-301F-11D3-BF4B-00C04F79EFBC}") = "표현 가능한 이진트리", "표현 가능한 이진트리\표현 가능한 이진트리.csproj", "{3CAD49B2-67D4-478F-BD72-60B8A788892E}"
EndProject
Global
	GlobalSection(SolutionConfigurationPlatforms) = preSolution
		Debug|Any CPU = Debug|Any CPU
		Release|Any CPU = Release|Any CPU
	EndGlobalSection
	GlobalSection(ProjectConfigurationPlatforms) = postSolution
		{3CAD49B2-67D4-478F-BD72-60B8A788892E}.Debug|Any CPU.ActiveCfg = Debug|Any CPU
		{3CAD49B2-67D4-478F-BD72-60B8A788892E}.Debug|Any CPU.Build.0 = Debug|Any CPU
		{3CAD49B2-67D4-478F-BD72-60B8A788892E}.Release|Any CPU.ActiveCfg = Release|Any CPU
		{3CAD49B2-67D4-478F-BD72-60B8A788892E}.Release|Any CPU.Build.0 = Release|Any CPU
	EndGlobalSection
	GlobalSection(SolutionProperties) = preSolution
		HideSolutionNode = FALSE
	EndGlobalSection
	GlobalSection(ExtensibilityGlobals) = postSolution
		SolutionGuid = {B94A25CF-1C93-4E36-BE72-4989D8EA575C}
	EndGlobalSection
EndGlobal
