
Microsoft Visual Studio Solution File, Format Version 12.00
# Visual Studio Version 16
VisualStudioVersion = 16.0.32630.194
MinimumVisualStudioVersion = 10.0.40219.1
Project("{FAE04EC0-301F-11D3-BF4B-00C04F79EFBC}") = "SYLO.Test", "SYLO.Test\SYLO.Test.csproj", "{DE005440-0A15-4F50-B4FA-2588411BFA47}"
EndProject
Global
	GlobalSection(SolutionConfigurationPlatforms) = preSolution
		Debug|Any CPU = Debug|Any CPU
		Release|Any CPU = Release|Any CPU
	EndGlobalSection
	GlobalSection(ProjectConfigurationPlatforms) = postSolution
		{DE005440-0A15-4F50-B4FA-2588411BFA47}.Debug|Any CPU.ActiveCfg = Debug|Any CPU
		{DE005440-0A15-4F50-B4FA-2588411BFA47}.Debug|Any CPU.Build.0 = Debug|Any CPU
		{DE005440-0A15-4F50-B4FA-2588411BFA47}.Release|Any CPU.ActiveCfg = Release|Any CPU
		{DE005440-0A15-4F50-B4FA-2588411BFA47}.Release|Any CPU.Build.0 = Release|Any CPU
	EndGlobalSection
	GlobalSection(SolutionProperties) = preSolution
		HideSolutionNode = FALSE
	EndGlobalSection
	GlobalSection(ExtensibilityGlobals) = postSolution
		SolutionGuid = {234C0D96-327D-4CF7-B9AD-4D05CDEF21BD}
	EndGlobalSection
EndGlobal
