
Microsoft Visual Studio Solution File, Format Version 12.00
# Visual Studio Version 16
VisualStudioVersion = 16.0.32630.194
MinimumVisualStudioVersion = 10.0.40219.1
Project("{FAE04EC0-301F-11D3-BF4B-00C04F79EFBC}") = "빛의 경로 사이클", "빛의 경로 사이클\빛의 경로 사이클.csproj", "{2B8632D1-C981-4055-9B9E-6556DED38C38}"
EndProject
Global
	GlobalSection(SolutionConfigurationPlatforms) = preSolution
		Debug|Any CPU = Debug|Any CPU
		Release|Any CPU = Release|Any CPU
	EndGlobalSection
	GlobalSection(ProjectConfigurationPlatforms) = postSolution
		{2B8632D1-C981-4055-9B9E-6556DED38C38}.Debug|Any CPU.ActiveCfg = Debug|Any CPU
		{2B8632D1-C981-4055-9B9E-6556DED38C38}.Debug|Any CPU.Build.0 = Debug|Any CPU
		{2B8632D1-C981-4055-9B9E-6556DED38C38}.Release|Any CPU.ActiveCfg = Release|Any CPU
		{2B8632D1-C981-4055-9B9E-6556DED38C38}.Release|Any CPU.Build.0 = Release|Any CPU
	EndGlobalSection
	GlobalSection(SolutionProperties) = preSolution
		HideSolutionNode = FALSE
	EndGlobalSection
	GlobalSection(ExtensibilityGlobals) = postSolution
		SolutionGuid = {365D1F09-3E55-42D8-BB42-42D6DEF1EE06}
	EndGlobalSection
EndGlobal
