
Microsoft Visual Studio Solution File, Format Version 12.00
# Visual Studio Version 16
VisualStudioVersion = 16.0.32630.194
MinimumVisualStudioVersion = 10.0.40219.1
Project("{FAE04EC0-301F-11D3-BF4B-00C04F79EFBC}") = "n + 1 카드게임", "n + 1 카드게임\n + 1 카드게임.csproj", "{3F961704-9578-46F9-9BF4-27C35F0E3120}"
EndProject
Global
	GlobalSection(SolutionConfigurationPlatforms) = preSolution
		Debug|Any CPU = Debug|Any CPU
		Release|Any CPU = Release|Any CPU
	EndGlobalSection
	GlobalSection(ProjectConfigurationPlatforms) = postSolution
		{3F961704-9578-46F9-9BF4-27C35F0E3120}.Debug|Any CPU.ActiveCfg = Debug|Any CPU
		{3F961704-9578-46F9-9BF4-27C35F0E3120}.Debug|Any CPU.Build.0 = Debug|Any CPU
		{3F961704-9578-46F9-9BF4-27C35F0E3120}.Release|Any CPU.ActiveCfg = Release|Any CPU
		{3F961704-9578-46F9-9BF4-27C35F0E3120}.Release|Any CPU.Build.0 = Release|Any CPU
	EndGlobalSection
	GlobalSection(SolutionProperties) = preSolution
		HideSolutionNode = FALSE
	EndGlobalSection
	GlobalSection(ExtensibilityGlobals) = postSolution
		SolutionGuid = {1BA4FC97-67FC-43FB-8212-80C072BE8EF2}
	EndGlobalSection
EndGlobal
