
Microsoft Visual Studio Solution File, Format Version 12.00
# Visual Studio Version 16
VisualStudioVersion = 16.0.32630.194
MinimumVisualStudioVersion = 10.0.40219.1
Project("{FAE04EC0-301F-11D3-BF4B-00C04F79EFBC}") = "쿠키 구입", "쿠키 구입\쿠키 구입.csproj", "{D9D3838A-5C4F-42A0-823A-EC64826987BC}"
EndProject
Global
	GlobalSection(SolutionConfigurationPlatforms) = preSolution
		Debug|Any CPU = Debug|Any CPU
		Release|Any CPU = Release|Any CPU
	EndGlobalSection
	GlobalSection(ProjectConfigurationPlatforms) = postSolution
		{D9D3838A-5C4F-42A0-823A-EC64826987BC}.Debug|Any CPU.ActiveCfg = Debug|Any CPU
		{D9D3838A-5C4F-42A0-823A-EC64826987BC}.Debug|Any CPU.Build.0 = Debug|Any CPU
		{D9D3838A-5C4F-42A0-823A-EC64826987BC}.Release|Any CPU.ActiveCfg = Release|Any CPU
		{D9D3838A-5C4F-42A0-823A-EC64826987BC}.Release|Any CPU.Build.0 = Release|Any CPU
	EndGlobalSection
	GlobalSection(SolutionProperties) = preSolution
		HideSolutionNode = FALSE
	EndGlobalSection
	GlobalSection(ExtensibilityGlobals) = postSolution
		SolutionGuid = {88B8D06B-6253-49C1-9C47-5806F67F4E64}
	EndGlobalSection
EndGlobal
