
Microsoft Visual Studio Solution File, Format Version 12.00
# Visual Studio Version 16
VisualStudioVersion = 16.0.32630.194
MinimumVisualStudioVersion = 10.0.40219.1
Project("{FAE04EC0-301F-11D3-BF4B-00C04F79EFBC}") = "아방가르드 타일링", "아방가르드 타일링\아방가르드 타일링.csproj", "{DB278705-65EF-432C-A976-6D23D2A92875}"
EndProject
Global
	GlobalSection(SolutionConfigurationPlatforms) = preSolution
		Debug|Any CPU = Debug|Any CPU
		Release|Any CPU = Release|Any CPU
	EndGlobalSection
	GlobalSection(ProjectConfigurationPlatforms) = postSolution
		{DB278705-65EF-432C-A976-6D23D2A92875}.Debug|Any CPU.ActiveCfg = Debug|Any CPU
		{DB278705-65EF-432C-A976-6D23D2A92875}.Debug|Any CPU.Build.0 = Debug|Any CPU
		{DB278705-65EF-432C-A976-6D23D2A92875}.Release|Any CPU.ActiveCfg = Release|Any CPU
		{DB278705-65EF-432C-A976-6D23D2A92875}.Release|Any CPU.Build.0 = Release|Any CPU
	EndGlobalSection
	GlobalSection(SolutionProperties) = preSolution
		HideSolutionNode = FALSE
	EndGlobalSection
	GlobalSection(ExtensibilityGlobals) = postSolution
		SolutionGuid = {0B4C43F0-D261-4682-8C30-3A976951DD22}
	EndGlobalSection
EndGlobal
